Microsoft Visual Studio Solution File, Format Version 11.00
# Visual Studio 2008

Project("{57D056ED-0984-1663-36B7-879C2AF3657F}") = "City", "Assembly-CSharp.csproj", "{DFF9CAAD-577B-F675-8F21-5AAEE6EDA931}"
EndProject
Global
	GlobalSection(SolutionConfigurationPlatforms) = preSolution
		Debug|Any CPU = Debug|Any CPU
		Release|Any CPU = Release|Any CPU
	EndGlobalSection
	GlobalSection(ProjectConfigurationPlatforms) = postSolution
		{DFF9CAAD-577B-F675-8F21-5AAEE6EDA931}.Debug|Any CPU.ActiveCfg = Debug|Any CPU
		{DFF9CAAD-577B-F675-8F21-5AAEE6EDA931}.Debug|Any CPU.Build.0 = Debug|Any CPU
		{DFF9CAAD-577B-F675-8F21-5AAEE6EDA931}.Release|Any CPU.ActiveCfg = Release|Any CPU
		{DFF9CAAD-577B-F675-8F21-5AAEE6EDA931}.Release|Any CPU.Build.0 = Release|Any CPU
	EndGlobalSection
	GlobalSection(SolutionProperties) = preSolution
		HideSolutionNode = FALSE
	EndGlobalSection
	GlobalSection(MonoDevelopProperties) = preSolution
		StartupItem = Assembly-CSharp.csproj
	EndGlobalSection
EndGlobal
